
Microsoft Visual Studio Solution File, Format Version 12.00
# Visual Studio 15
VisualStudioVersion = 15.0.27004.2005
MinimumVisualStudioVersion = 10.0.40219.1
Project("{9A19103F-16F7-4668-BE54-9A1E7A4F7556}") = "TSA.Mongo.Test", "TSA.Mongo.Test\TSA.Mongo.Test.csproj", "{B3E3498A-651B-433F-9972-AB3FBE3929EB}"
EndProject
Project("{FAE04EC0-301F-11D3-BF4B-00C04F79EFBC}") = "TSA.Mongo", "TSA.Mongo\TSA.Mongo.csproj", "{AE9BE0CF-A578-4BA4-A678-F357E937B2E7}"
EndProject
Global
	GlobalSection(SolutionConfigurationPlatforms) = preSolution
		Debug|Any CPU = Debug|Any CPU
		Release|Any CPU = Release|Any CPU
	EndGlobalSection
	GlobalSection(ProjectConfigurationPlatforms) = postSolution
		{B3E3498A-651B-433F-9972-AB3FBE3929EB}.Debug|Any CPU.ActiveCfg = Debug|Any CPU
		{B3E3498A-651B-433F-9972-AB3FBE3929EB}.Debug|Any CPU.Build.0 = Debug|Any CPU
		{B3E3498A-651B-433F-9972-AB3FBE3929EB}.Release|Any CPU.ActiveCfg = Release|Any CPU
		{B3E3498A-651B-433F-9972-AB3FBE3929EB}.Release|Any CPU.Build.0 = Release|Any CPU
		{AE9BE0CF-A578-4BA4-A678-F357E937B2E7}.Debug|Any CPU.ActiveCfg = Debug|Any CPU
		{AE9BE0CF-A578-4BA4-A678-F357E937B2E7}.Debug|Any CPU.Build.0 = Debug|Any CPU
		{AE9BE0CF-A578-4BA4-A678-F357E937B2E7}.Release|Any CPU.ActiveCfg = Release|Any CPU
		{AE9BE0CF-A578-4BA4-A678-F357E937B2E7}.Release|Any CPU.Build.0 = Release|Any CPU
	EndGlobalSection
	GlobalSection(SolutionProperties) = preSolution
		HideSolutionNode = FALSE
	EndGlobalSection
	GlobalSection(ExtensibilityGlobals) = postSolution
		SolutionGuid = {B68D186D-FE70-4E03-A94F-CD9350D2C438}
	EndGlobalSection
EndGlobal
